
Microsoft Visual Studio Solution File, Format Version 12.00
# Visual Studio Version 16
VisualStudioVersion = 16.0.29728.190
MinimumVisualStudioVersion = 10.0.40219.1
Project("{FAE04EC0-301F-11D3-BF4B-00C04F79EFBC}") = "Joonasw.AzureAppConfigurationFeatureFlags", "Joonasw.AzureAppConfigurationFeatureFlags\Joonasw.AzureAppConfigurationFeatureFlags.csproj", "{B5005260-B89F-4DF8-AE6A-315726AFF025}"
EndProject
Project("{2150E333-8FDC-42A3-9474-1A3956D46DE8}") = "ARM", "ARM", "{4F39BD73-08B9-4EF5-BB86-3056E920535D}"
	ProjectSection(SolutionItems) = preProject
		ARM\azuredeploy.json = ARM\azuredeploy.json
	EndProjectSection
EndProject
Global
	GlobalSection(SolutionConfigurationPlatforms) = preSolution
		Debug|Any CPU = Debug|Any CPU
		Release|Any CPU = Release|Any CPU
	EndGlobalSection
	GlobalSection(ProjectConfigurationPlatforms) = postSolution
		{B5005260-B89F-4DF8-AE6A-315726AFF025}.Debug|Any CPU.ActiveCfg = Debug|Any CPU
		{B5005260-B89F-4DF8-AE6A-315726AFF025}.Debug|Any CPU.Build.0 = Debug|Any CPU
		{B5005260-B89F-4DF8-AE6A-315726AFF025}.Release|Any CPU.ActiveCfg = Release|Any CPU
		{B5005260-B89F-4DF8-AE6A-315726AFF025}.Release|Any CPU.Build.0 = Release|Any CPU
	EndGlobalSection
	GlobalSection(SolutionProperties) = preSolution
		HideSolutionNode = FALSE
	EndGlobalSection
	GlobalSection(ExtensibilityGlobals) = postSolution
		SolutionGuid = {3739627E-2175-4DE7-AFEA-420B99748908}
	EndGlobalSection
EndGlobal
